
Microsoft Visual Studio Solution File, Format Version 12.00
# Visual Studio Version 17
VisualStudioVersion = 17.4.33213.308
MinimumVisualStudioVersion = 10.0.40219.1
Project("{FAE04EC0-301F-11D3-BF4B-00C04F79EFBC}") = "DataStructures", "DataStructures\DataStructures.csproj", "{094F1E4A-BFE7-4521-BDBD-1FBEE7AD174D}"
EndProject
Global
	GlobalSection(SolutionConfigurationPlatforms) = preSolution
		Debug|Any CPU = Debug|Any CPU
		Release|Any CPU = Release|Any CPU
	EndGlobalSection
	GlobalSection(ProjectConfigurationPlatforms) = postSolution
		{094F1E4A-BFE7-4521-BDBD-1FBEE7AD174D}.Debug|Any CPU.ActiveCfg = Debug|Any CPU
		{094F1E4A-BFE7-4521-BDBD-1FBEE7AD174D}.Debug|Any CPU.Build.0 = Debug|Any CPU
		{094F1E4A-BFE7-4521-BDBD-1FBEE7AD174D}.Release|Any CPU.ActiveCfg = Release|Any CPU
		{094F1E4A-BFE7-4521-BDBD-1FBEE7AD174D}.Release|Any CPU.Build.0 = Release|Any CPU
	EndGlobalSection
	GlobalSection(SolutionProperties) = preSolution
		HideSolutionNode = FALSE
	EndGlobalSection
	GlobalSection(ExtensibilityGlobals) = postSolution
		SolutionGuid = {6E4A76DB-A19A-4FB3-B6FE-CF68AC1EA909}
	EndGlobalSection
EndGlobal
